{
  "name": "enigma",
  "version": "1.0.0",
  "lockfileVersion": 2,
  "requires": true,
  "packages": {
    "": {
      "name": "enigma",
      "version": "1.0.0",
      "license": "ISC",
      "dependencies": {
        "qr-image": "^3.1.0"
      }
    },
    "node_modules/pako": {
      "version": "0.2.9",
      "resolved": "https://registry.npmjs.org/pako/-/pako-0.2.9.tgz",
      "integrity": "sha512-NUcwaKxUxWrZLpDG+z/xZaCgQITkA/Dv4V/T6bw7VON6l1Xz/VnrBqrYjZQ12TamKHzITTfOEIYUj48y2KXImA==",
      "optional": true
    },
    "node_modules/qr-image": {
      "version": "3.1.0",
      "resolved": "https://registry.npmjs.org/qr-image/-/qr-image-3.1.0.tgz",
      "integrity": "sha512-i6SuU5MivRV4Wgo1Pf54TgtHe1p1TKrt194n8FC7Ckgqjyluo8BEiwR8YgAjO6dYyuphMPm/bNHh+b3PQTDJ5Q==",
      "optionalDependencies": {
        "pako": "^0.2.5"
      }
    }
  },
  "dependencies": {
    "pako": {
      "version": "0.2.9",
      "resolved": "https://registry.npmjs.org/pako/-/pako-0.2.9.tgz",
      "integrity": "sha512-NUcwaKxUxWrZLpDG+z/xZaCgQITkA/Dv4V/T6bw7VON6l1Xz/VnrBqrYjZQ12TamKHzITTfOEIYUj48y2KXImA==",
      "optional": true
    },
    "qr-image": {
      "version": "3.1.0",
      "resolved": "https://registry.npmjs.org/qr-image/-/qr-image-3.1.0.tgz",
      "integrity": "sha512-i6SuU5MivRV4Wgo1Pf54TgtHe1p1TKrt194n8FC7Ckgqjyluo8BEiwR8YgAjO6dYyuphMPm/bNHh+b3PQTDJ5Q==",
      "requires": {
        "pako": "^0.2.5"
      }
    }
  }
}
